
Microsoft Visual Studio Solution File, Format Version 12.00
# Visual Studio Version 17
VisualStudioVersion = 17.8.34322.80
MinimumVisualStudioVersion = 10.0.40219.1
Project("{9A19103F-16F7-4668-BE54-9A1E7A4F7556}") = "AdventOfCode2024", "AdventOfCode2024\AdventOfCode2024.csproj", "{EA4917B3-FE05-43AE-95B4-A91884E27EA5}"
EndProject
Project("{9A19103F-16F7-4668-BE54-9A1E7A4F7556}") = "AdventOfCode2024.Test", "AdventOfCode2024.Test\AdventOfCode2024.Test.csproj", "{D8D91000-9EB5-4C0D-962A-EAF7B637142A}"
EndProject
Project("{FAE04EC0-301F-11D3-BF4B-00C04F79EFBC}") = "AdventOfCode.Common", "AdventOfCode.Common\AdventOfCode.Common.csproj", "{1C133225-F417-4024-BE5C-251F04572CE5}"
EndProject
Global
	GlobalSection(SolutionConfigurationPlatforms) = preSolution
		Debug|Any CPU = Debug|Any CPU
		Release|Any CPU = Release|Any CPU
	EndGlobalSection
	GlobalSection(ProjectConfigurationPlatforms) = postSolution
		{EA4917B3-FE05-43AE-95B4-A91884E27EA5}.Debug|Any CPU.ActiveCfg = Debug|Any CPU
		{EA4917B3-FE05-43AE-95B4-A91884E27EA5}.Debug|Any CPU.Build.0 = Debug|Any CPU
		{EA4917B3-FE05-43AE-95B4-A91884E27EA5}.Release|Any CPU.ActiveCfg = Release|Any CPU
		{EA4917B3-FE05-43AE-95B4-A91884E27EA5}.Release|Any CPU.Build.0 = Release|Any CPU
		{D8D91000-9EB5-4C0D-962A-EAF7B637142A}.Debug|Any CPU.ActiveCfg = Debug|Any CPU
		{D8D91000-9EB5-4C0D-962A-EAF7B637142A}.Debug|Any CPU.Build.0 = Debug|Any CPU
		{D8D91000-9EB5-4C0D-962A-EAF7B637142A}.Release|Any CPU.ActiveCfg = Release|Any CPU
		{D8D91000-9EB5-4C0D-962A-EAF7B637142A}.Release|Any CPU.Build.0 = Release|Any CPU
		{1C133225-F417-4024-BE5C-251F04572CE5}.Debug|Any CPU.ActiveCfg = Debug|Any CPU
		{1C133225-F417-4024-BE5C-251F04572CE5}.Debug|Any CPU.Build.0 = Debug|Any CPU
		{1C133225-F417-4024-BE5C-251F04572CE5}.Release|Any CPU.ActiveCfg = Release|Any CPU
		{1C133225-F417-4024-BE5C-251F04572CE5}.Release|Any CPU.Build.0 = Release|Any CPU
	EndGlobalSection
	GlobalSection(SolutionProperties) = preSolution
		HideSolutionNode = FALSE
	EndGlobalSection
	GlobalSection(ExtensibilityGlobals) = postSolution
		SolutionGuid = {D549F72C-141A-4389-8508-F74C1874618E}
	EndGlobalSection
EndGlobal
